PODS:
  - FFIMKit (1.0.1):
    - SDWebImage
    - YYText
  - SDWebImage (4.3.3):
    - SDWebImage/Core (= 4.3.3)
  - SDWebImage/Core (4.3.3)
  - YYText (1.0.7)

DEPENDENCIES:
  - FFIMKit (from `../`)

SPEC REPOS:
  https://github.com/CocoaPods/Specs.git:
    - SDWebImage
    - YYText

EXTERNAL SOURCES:
  FFIMKit:
    :path: "../"

SPEC CHECKSUMS:
  FFIMKit: 04f4de5d3a9e23020da6edc2e8ca09d402c2b49f
  SDWebImage: de4d90b5bff3571eae7bd16202b1f43135409fa5
  YYText: 5c461d709e24d55a182d1441c41dc639a18a4849

PODFILE CHECKSUM: 1e0ec6c45ba1bbabcf86b85ff851fc1e54bd68d0

COCOAPODS: 1.5.0
